
Microsoft Visual Studio Solution File, Format Version 12.00
# Visual Studio Version 16
VisualStudioVersion = 16.0.33529.622
MinimumVisualStudioVersion = 10.0.40219.1
Project("{FAE04EC0-301F-11D3-BF4B-00C04F79EFBC}") = "D4ServerTracker", "D4ServerTracker.csproj", "{57FB7FFD-5DE7-4606-9CB9-515CE1D34651}"
EndProject
Global
	GlobalSection(SolutionConfigurationPlatforms) = preSolution
		Debug|Any CPU = Debug|Any CPU
		Release|Any CPU = Release|Any CPU
	EndGlobalSection
	GlobalSection(ProjectConfigurationPlatforms) = postSolution
		{57FB7FFD-5DE7-4606-9CB9-515CE1D34651}.Debug|Any CPU.ActiveCfg = Debug|Any CPU
		{57FB7FFD-5DE7-4606-9CB9-515CE1D34651}.Debug|Any CPU.Build.0 = Debug|Any CPU
		{57FB7FFD-5DE7-4606-9CB9-515CE1D34651}.Release|Any CPU.ActiveCfg = Release|Any CPU
		{57FB7FFD-5DE7-4606-9CB9-515CE1D34651}.Release|Any CPU.Build.0 = Release|Any CPU
	EndGlobalSection
	GlobalSection(SolutionProperties) = preSolution
		HideSolutionNode = FALSE
	EndGlobalSection
	GlobalSection(ExtensibilityGlobals) = postSolution
		SolutionGuid = {E60A8FF6-B6E7-493C-9E28-3142364BFA15}
	EndGlobalSection
EndGlobal
